
Microsoft Visual Studio Solution File, Format Version 12.00
# Visual Studio 2012
Project("{F184B08F-C81C-45F6-A57F-5ABD9991F28F}") = "VB Bifurcation Chaos Analysis", "VB Bifurcation Chaos Analysis\VB Bifurcation Chaos Analysis.vbproj", "{4976A59F-2FFE-4667-B1C3-B15FFEE4EC60}"
EndProject
Global
	GlobalSection(SolutionConfigurationPlatforms) = preSolution
		Debug|Any CPU = Debug|Any CPU
		Release|Any CPU = Release|Any CPU
	EndGlobalSection
	GlobalSection(ProjectConfigurationPlatforms) = postSolution
		{4976A59F-2FFE-4667-B1C3-B15FFEE4EC60}.Debug|Any CPU.ActiveCfg = Debug|Any CPU
		{4976A59F-2FFE-4667-B1C3-B15FFEE4EC60}.Debug|Any CPU.Build.0 = Debug|Any CPU
		{4976A59F-2FFE-4667-B1C3-B15FFEE4EC60}.Release|Any CPU.ActiveCfg = Release|Any CPU
		{4976A59F-2FFE-4667-B1C3-B15FFEE4EC60}.Release|Any CPU.Build.0 = Release|Any CPU
	EndGlobalSection
	GlobalSection(SolutionProperties) = preSolution
		HideSolutionNode = FALSE
	EndGlobalSection
EndGlobal
