
Microsoft Visual Studio Solution File, Format Version 12.00
# Visual Studio 2012
Project("{F184B08F-C81C-45F6-A57F-5ABD9991F28F}") = "VB Brick Breaker", "VB Brick Breaker\VB Brick Breaker.vbproj", "{275BCA82-F118-4CB7-98FD-0EA4C1E98D2C}"
EndProject
Global
	GlobalSection(SolutionConfigurationPlatforms) = preSolution
		Debug|Any CPU = Debug|Any CPU
		Release|Any CPU = Release|Any CPU
	EndGlobalSection
	GlobalSection(ProjectConfigurationPlatforms) = postSolution
		{275BCA82-F118-4CB7-98FD-0EA4C1E98D2C}.Debug|Any CPU.ActiveCfg = Debug|Any CPU
		{275BCA82-F118-4CB7-98FD-0EA4C1E98D2C}.Debug|Any CPU.Build.0 = Debug|Any CPU
		{275BCA82-F118-4CB7-98FD-0EA4C1E98D2C}.Release|Any CPU.ActiveCfg = Release|Any CPU
		{275BCA82-F118-4CB7-98FD-0EA4C1E98D2C}.Release|Any CPU.Build.0 = Release|Any CPU
	EndGlobalSection
	GlobalSection(SolutionProperties) = preSolution
		HideSolutionNode = FALSE
	EndGlobalSection
EndGlobal
